// !$*UTF8*$!
{
	archiveVersion = 1;
	classes = {
	};
	objectVersion = 56;
	objects = {

/* Begin PBXBuildFile section */
		695BF4402B5803AF00CCE977 /* SoundPlayer.swift in Sources */ = {isa = PBXBuildFile; fileRef = 695BF43F2B5803AF00CCE977 /* SoundPlayer.swift */; };
		695BF4482B58113200CCE977 /* WidgetKit.framework in Frameworks */ = {isa = PBXBuildFile; fileRef = 695BF4472B58113200CCE977 /* WidgetKit.framework */; };
		695BF44A2B58113200CCE977 /* SwiftUI.framework in Frameworks */ = {isa = PBXBuildFile; fileRef = 695BF4492B58113200CCE977 /* SwiftUI.framework */; };
		695BF44D2B58113200CCE977 /* DevoteWidgetBundle.swift in Sources */ = {isa = PBXBuildFile; fileRef = 695BF44C2B58113200CCE977 /* DevoteWidgetBundle.swift */; };
		695BF44F2B58113200CCE977 /* DevoteWidget.swift in Sources */ = {isa = PBXBuildFile; fileRef = 695BF44E2B58113200CCE977 /* DevoteWidget.swift */; };
		695BF4512B58113400CCE977 /* Assets.xcassets in Resources */ = {isa = PBXBuildFile; fileRef = 695BF4502B58113400CCE977 /* Assets.xcassets */; };
		695BF4552B58113400CCE977 /* DevoteWidgetExtension.appex in Embed Foundation Extensions */ = {isa = PBXBuildFile; fileRef = 695BF4452B58113200CCE977 /* DevoteWidgetExtension.appex */; settings = {ATTRIBUTES = (RemoveHeadersOnCopy, ); }; };
		695BF45A2B58174900CCE977 /* Assets.xcassets in Resources */ = {isa = PBXBuildFile; fileRef = 697BF8D82B2C839A00768DC9 /* Assets.xcassets */; };
		695BF45B2B58179C00CCE977 /* Constant.swift in Sources */ = {isa = PBXBuildFile; fileRef = 69CC4D862B38A58B0086B80D /* Constant.swift */; };
		69673D652B3A00EA0033E953 /* HideKeyboardExtension.swift in Sources */ = {isa = PBXBuildFile; fileRef = 69673D642B3A00EA0033E953 /* HideKeyboardExtension.swift */; };
		69673D672B3A0C250033E953 /* BackgroundImageView.swift in Sources */ = {isa = PBXBuildFile; fileRef = 69673D662B3A0C250033E953 /* BackgroundImageView.swift */; };
		697BF8D52B2C839800768DC9 /* DevoteApp.swift in Sources */ = {isa = PBXBuildFile; fileRef = 697BF8D42B2C839800768DC9 /* DevoteApp.swift */; };
		697BF8D72B2C839800768DC9 /* ContentView.swift in Sources */ = {isa = PBXBuildFile; fileRef = 697BF8D62B2C839800768DC9 /* ContentView.swift */; };
		697BF8D92B2C839A00768DC9 /* Assets.xcassets in Resources */ = {isa = PBXBuildFile; fileRef = 697BF8D82B2C839A00768DC9 /* Assets.xcassets */; };
		697BF8DC2B2C839A00768DC9 /* Preview Assets.xcassets in Resources */ = {isa = PBXBuildFile; fileRef = 697BF8DB2B2C839A00768DC9 /* Preview Assets.xcassets */; };
		697BF8DE2B2C839A00768DC9 /* Persistence.swift in Sources */ = {isa = PBXBuildFile; fileRef = 697BF8DD2B2C839A00768DC9 /* Persistence.swift */; };
		697BF8E12B2C839A00768DC9 /* Devote.xcdatamodeld in Sources */ = {isa = PBXBuildFile; fileRef = 697BF8DF2B2C839A00768DC9 /* Devote.xcdatamodeld */; };
		697BF8EA2B2C847E00768DC9 /* sound-ding.mp3 in Resources */ = {isa = PBXBuildFile; fileRef = 697BF8E72B2C847E00768DC9 /* sound-ding.mp3 */; };
		697BF8EB2B2C847E00768DC9 /* sound-tap.mp3 in Resources */ = {isa = PBXBuildFile; fileRef = 697BF8E82B2C847E00768DC9 /* sound-tap.mp3 */; };
		697BF8EC2B2C847E00768DC9 /* sound-rise.mp3 in Resources */ = {isa = PBXBuildFile; fileRef = 697BF8E92B2C847E00768DC9 /* sound-rise.mp3 */; };
		697C93BE2B3C6519001307CD /* NewTaskItemView.swift in Sources */ = {isa = PBXBuildFile; fileRef = 697C93BD2B3C6519001307CD /* NewTaskItemView.swift */; };
		697C93C02B3C6C66001307CD /* BlankView.swift in Sources */ = {isa = PBXBuildFile; fileRef = 697C93BF2B3C6C66001307CD /* BlankView.swift */; };
		697C93C22B3C94B5001307CD /* ListRowItemView.swift in Sources */ = {isa = PBXBuildFile; fileRef = 697C93C12B3C94B5001307CD /* ListRowItemView.swift */; };
		697C93C62B3C96CC001307CD /* CheckboxStyle.swift in Sources */ = {isa = PBXBuildFile; fileRef = 697C93C52B3C96CC001307CD /* CheckboxStyle.swift */; };
		69CC4D872B38A58B0086B80D /* Constant.swift in Sources */ = {isa = PBXBuildFile; fileRef = 69CC4D862B38A58B0086B80D /* Constant.swift */; };
/* End PBXBuildFile section */

/* Begin PBXContainerItemProxy section */
		695BF4532B58113400CCE977 /* PBXContainerItemProxy */ = {
			isa = PBXContainerItemProxy;
			containerPortal = 697BF8C92B2C839800768DC9 /* Project object */;
			proxyType = 1;
			remoteGlobalIDString = 695BF4442B58113200CCE977;
			remoteInfo = DevoteWidgetExtension;
		};
/* End PBXContainerItemProxy section */

/* Begin PBXCopyFilesBuildPhase section */
		695BF4592B58113400CCE977 /* Embed Foundation Extensions */ = {
			isa = PBXCopyFilesBuildPhase;
			buildActionMask = 2147483647;
			dstPath = "";
			dstSubfolderSpec = 13;
			files = (
				695BF4552B58113400CCE977 /* DevoteWidgetExtension.appex in Embed Foundation Extensions */,
			);
			name = "Embed Foundation Extensions";
			runOnlyForDeploymentPostprocessing = 0;
		};
/* End PBXCopyFilesBuildPhase section */

/* Begin PBXFileReference section */
		695A460C2B2C8566000BFE8A /* Info.plist */ = {isa = PBXFileReference; lastKnownFileType = text.plist; path = Info.plist; sourceTree = "<group>"; };
		695BF43F2B5803AF00CCE977 /* SoundPlayer.swift */ = {isa = PBXFileReference; lastKnownFileType = sourcecode.swift; path = SoundPlayer.swift; sourceTree = "<group>"; };
		695BF4452B58113200CCE977 /* DevoteWidgetExtension.appex */ = {isa = PBXFileReference; explicitFileType = "wrapper.app-extension"; includeInIndex = 0; path = DevoteWidgetExtension.appex; sourceTree = BUILT_PRODUCTS_DIR; };
		695BF4472B58113200CCE977 /* WidgetKit.framework */ = {isa = PBXFileReference; lastKnownFileType = wrapper.framework; name = WidgetKit.framework; path = System/Library/Frameworks/WidgetKit.framework; sourceTree = SDKROOT; };
		695BF4492B58113200CCE977 /* SwiftUI.framework */ = {isa = PBXFileReference; lastKnownFileType = wrapper.framework; name = SwiftUI.framework; path = System/Library/Frameworks/SwiftUI.framework; sourceTree = SDKROOT; };
		695BF44C2B58113200CCE977 /* DevoteWidgetBundle.swift */ = {isa = PBXFileReference; lastKnownFileType = sourcecode.swift; path = DevoteWidgetBundle.swift; sourceTree = "<group>"; };
		695BF44E2B58113200CCE977 /* DevoteWidget.swift */ = {isa = PBXFileReference; lastKnownFileType = sourcecode.swift; path = DevoteWidget.swift; sourceTree = "<group>"; };
		695BF4502B58113400CCE977 /* Assets.xcassets */ = {isa = PBXFileReference; lastKnownFileType = folder.assetcatalog; path = Assets.xcassets; sourceTree = "<group>"; };
		695BF4522B58113400CCE977 /* Info.plist */ = {isa = PBXFileReference; lastKnownFileType = text.plist.xml; path = Info.plist; sourceTree = "<group>"; };
		69673D642B3A00EA0033E953 /* HideKeyboardExtension.swift */ = {isa = PBXFileReference; lastKnownFileType = sourcecode.swift; path = HideKeyboardExtension.swift; sourceTree = "<group>"; };
		69673D662B3A0C250033E953 /* BackgroundImageView.swift */ = {isa = PBXFileReference; lastKnownFileType = sourcecode.swift; path = BackgroundImageView.swift; sourceTree = "<group>"; };
		697BF8D12B2C839800768DC9 /* Devote.app */ = {isa = PBXFileReference; explicitFileType = wrapper.application; includeInIndex = 0; path = Devote.app; sourceTree = BUILT_PRODUCTS_DIR; };
		697BF8D42B2C839800768DC9 /* DevoteApp.swift */ = {isa = PBXFileReference; lastKnownFileType = sourcecode.swift; path = DevoteApp.swift; sourceTree = "<group>"; };
		697BF8D62B2C839800768DC9 /* ContentView.swift */ = {isa = PBXFileReference; lastKnownFileType = sourcecode.swift; path = ContentView.swift; sourceTree = "<group>"; };
		697BF8D82B2C839A00768DC9 /* Assets.xcassets */ = {isa = PBXFileReference; lastKnownFileType = folder.assetcatalog; path = Assets.xcassets; sourceTree = "<group>"; };
		697BF8DB2B2C839A00768DC9 /* Preview Assets.xcassets */ = {isa = PBXFileReference; lastKnownFileType = folder.assetcatalog; path = "Preview Assets.xcassets"; sourceTree = "<group>"; };
		697BF8DD2B2C839A00768DC9 /* Persistence.swift */ = {isa = PBXFileReference; lastKnownFileType = sourcecode.swift; path = Persistence.swift; sourceTree = "<group>"; };
		697BF8E02B2C839A00768DC9 /* Devote.xcdatamodel */ = {isa = PBXFileReference; lastKnownFileType = wrapper.xcdatamodel; path = Devote.xcdatamodel; sourceTree = "<group>"; };
		697BF8E72B2C847E00768DC9 /* sound-ding.mp3 */ = {isa = PBXFileReference; lastKnownFileType = audio.mp3; path = "sound-ding.mp3"; sourceTree = "<group>"; };
		697BF8E82B2C847E00768DC9 /* sound-tap.mp3 */ = {isa = PBXFileReference; lastKnownFileType = audio.mp3; path = "sound-tap.mp3"; sourceTree = "<group>"; };
		697BF8E92B2C847E00768DC9 /* sound-rise.mp3 */ = {isa = PBXFileReference; lastKnownFileType = audio.mp3; path = "sound-rise.mp3"; sourceTree = "<group>"; };
		697C93BD2B3C6519001307CD /* NewTaskItemView.swift */ = {isa = PBXFileReference; lastKnownFileType = sourcecode.swift; path = NewTaskItemView.swift; sourceTree = "<group>"; };
		697C93BF2B3C6C66001307CD /* BlankView.swift */ = {isa = PBXFileReference; lastKnownFileType = sourcecode.swift; path = BlankView.swift; sourceTree = "<group>"; };
		697C93C12B3C94B5001307CD /* ListRowItemView.swift */ = {isa = PBXFileReference; lastKnownFileType = sourcecode.swift; path = ListRowItemView.swift; sourceTree = "<group>"; };
		697C93C52B3C96CC001307CD /* CheckboxStyle.swift */ = {isa = PBXFileReference; lastKnownFileType = sourcecode.swift; path = CheckboxStyle.swift; sourceTree = "<group>"; };
		69CC4D862B38A58B0086B80D /* Constant.swift */ = {isa = PBXFileReference; lastKnownFileType = sourcecode.swift; path = Constant.swift; sourceTree = "<group>"; };
/* End PBXFileReference section */

/* Begin PBXFrameworksBuildPhase section */
		695BF4422B58113200CCE977 /* Frameworks */ = {
			isa = PBXFrameworksBuildPhase;
			buildActionMask = 2147483647;
			files = (
				695BF44A2B58113200CCE977 /* SwiftUI.framework in Frameworks */,
				695BF4482B58113200CCE977 /* WidgetKit.framework in Frameworks */,
			);
			runOnlyForDeploymentPostprocessing = 0;
		};
		697BF8CE2B2C839800768DC9 /* Frameworks */ = {
			isa = PBXFrameworksBuildPhase;
			buildActionMask = 2147483647;
			files = (
			);
			runOnlyForDeploymentPostprocessing = 0;
		};
/* End PBXFrameworksBuildPhase section */

/* Begin PBXGroup section */
		695A460B2B2C8531000BFE8A /* Model */ = {
			isa = PBXGroup;
			children = (
				697BF8DD2B2C839A00768DC9 /* Persistence.swift */,
				697BF8DF2B2C839A00768DC9 /* Devote.xcdatamodeld */,
			);
			path = Model;
			sourceTree = "<group>";
		};
		695BF4462B58113200CCE977 /* Frameworks */ = {
			isa = PBXGroup;
			children = (
				695BF4472B58113200CCE977 /* WidgetKit.framework */,
				695BF4492B58113200CCE977 /* SwiftUI.framework */,
			);
			name = Frameworks;
			sourceTree = "<group>";
		};
		695BF44B2B58113200CCE977 /* DevoteWidget */ = {
			isa = PBXGroup;
			children = (
				695BF44C2B58113200CCE977 /* DevoteWidgetBundle.swift */,
				695BF44E2B58113200CCE977 /* DevoteWidget.swift */,
				695BF4502B58113400CCE977 /* Assets.xcassets */,
				695BF4522B58113400CCE977 /* Info.plist */,
			);
			path = DevoteWidget;
			sourceTree = "<group>";
		};
		697BF8C82B2C839800768DC9 = {
			isa = PBXGroup;
			children = (
				697BF8D32B2C839800768DC9 /* Devote */,
				695BF44B2B58113200CCE977 /* DevoteWidget */,
				695BF4462B58113200CCE977 /* Frameworks */,
				697BF8D22B2C839800768DC9 /* Products */,
			);
			sourceTree = "<group>";
		};
		697BF8D22B2C839800768DC9 /* Products */ = {
			isa = PBXGroup;
			children = (
				697BF8D12B2C839800768DC9 /* Devote.app */,
				695BF4452B58113200CCE977 /* DevoteWidgetExtension.appex */,
			);
			name = Products;
			sourceTree = "<group>";
		};
		697BF8D32B2C839800768DC9 /* Devote */ = {
			isa = PBXGroup;
			children = (
				69CC4D852B38A5680086B80D /* Utility */,
				695A460C2B2C8566000BFE8A /* Info.plist */,
				697BF8EF2B2C84A600768DC9 /* Style */,
				697BF8EE2B2C849E00768DC9 /* Extension */,
				697BF8ED2B2C849300768DC9 /* Sound */,
				697BF8D42B2C839800768DC9 /* DevoteApp.swift */,
				697BF8F02B2C84B700768DC9 /* View */,
				697BF8D82B2C839A00768DC9 /* Assets.xcassets */,
				695A460B2B2C8531000BFE8A /* Model */,
				697BF8DA2B2C839A00768DC9 /* Preview Content */,
			);
			path = Devote;
			sourceTree = "<group>";
		};
		697BF8DA2B2C839A00768DC9 /* Preview Content */ = {
			isa = PBXGroup;
			children = (
				697BF8DB2B2C839A00768DC9 /* Preview Assets.xcassets */,
			);
			path = "Preview Content";
			sourceTree = "<group>";
		};
		697BF8ED2B2C849300768DC9 /* Sound */ = {
			isa = PBXGroup;
			children = (
				697BF8E72B2C847E00768DC9 /* sound-ding.mp3 */,
				697BF8E92B2C847E00768DC9 /* sound-rise.mp3 */,
				697BF8E82B2C847E00768DC9 /* sound-tap.mp3 */,
			);
			path = Sound;
			sourceTree = "<group>";
		};
		697BF8EE2B2C849E00768DC9 /* Extension */ = {
			isa = PBXGroup;
			children = (
				69673D642B3A00EA0033E953 /* HideKeyboardExtension.swift */,
			);
			path = Extension;
			sourceTree = "<group>";
		};
		697BF8EF2B2C84A600768DC9 /* Style */ = {
			isa = PBXGroup;
			children = (
				697C93C52B3C96CC001307CD /* CheckboxStyle.swift */,
			);
			path = Style;
			sourceTree = "<group>";
		};
		697BF8F02B2C84B700768DC9 /* View */ = {
			isa = PBXGroup;
			children = (
				697BF8D62B2C839800768DC9 /* ContentView.swift */,
				69673D662B3A0C250033E953 /* BackgroundImageView.swift */,
				697C93BD2B3C6519001307CD /* NewTaskItemView.swift */,
				697C93BF2B3C6C66001307CD /* BlankView.swift */,
				697C93C12B3C94B5001307CD /* ListRowItemView.swift */,
			);
			path = View;
			sourceTree = "<group>";
		};
		69CC4D852B38A5680086B80D /* Utility */ = {
			isa = PBXGroup;
			children = (
				69CC4D862B38A58B0086B80D /* Constant.swift */,
				695BF43F2B5803AF00CCE977 /* SoundPlayer.swift */,
			);
			path = Utility;
			sourceTree = "<group>";
		};
/* End PBXGroup section */

/* Begin PBXNativeTarget section */
		695BF4442B58113200CCE977 /* DevoteWidgetExtension */ = {
			isa = PBXNativeTarget;
			buildConfigurationList = 695BF4562B58113400CCE977 /* Build configuration list for PBXNativeTarget "DevoteWidgetExtension" */;
			buildPhases = (
				695BF4412B58113200CCE977 /* Sources */,
				695BF4422B58113200CCE977 /* Frameworks */,
				695BF4432B58113200CCE977 /* Resources */,
			);
			buildRules = (
			);
			dependencies = (
			);
			name = DevoteWidgetExtension;
			productName = DevoteWidgetExtension;
			productReference = 695BF4452B58113200CCE977 /* DevoteWidgetExtension.appex */;
			productType = "com.apple.product-type.app-extension";
		};
		697BF8D02B2C839800768DC9 /* Devote */ = {
			isa = PBXNativeTarget;
			buildConfigurationList = 697BF8E42B2C839A00768DC9 /* Build configuration list for PBXNativeTarget "Devote" */;
			buildPhases = (
				697BF8CD2B2C839800768DC9 /* Sources */,
				697BF8CE2B2C839800768DC9 /* Frameworks */,
				697BF8CF2B2C839800768DC9 /* Resources */,
				695BF4592B58113400CCE977 /* Embed Foundation Extensions */,
			);
			buildRules = (
			);
			dependencies = (
				695BF4542B58113400CCE977 /* PBXTargetDependency */,
			);
			name = Devote;
			productName = Devote;
			productReference = 697BF8D12B2C839800768DC9 /* Devote.app */;
			productType = "com.apple.product-type.application";
		};
/* End PBXNativeTarget section */

/* Begin PBXProject section */
		697BF8C92B2C839800768DC9 /* Project object */ = {
			isa = PBXProject;
			attributes = {
				BuildIndependentTargetsInParallel = 1;
				LastSwiftUpdateCheck = 1430;
				LastUpgradeCheck = 1430;
				TargetAttributes = {
					695BF4442B58113200CCE977 = {
						CreatedOnToolsVersion = 14.3.1;
					};
					697BF8D02B2C839800768DC9 = {
						CreatedOnToolsVersion = 14.3.1;
					};
				};
			};
			buildConfigurationList = 697BF8CC2B2C839800768DC9 /* Build configuration list for PBXProject "Devote" */;
			compatibilityVersion = "Xcode 14.0";
			developmentRegion = en;
			hasScannedForEncodings = 0;
			knownRegions = (
				en,
				Base,
			);
			mainGroup = 697BF8C82B2C839800768DC9;
			productRefGroup = 697BF8D22B2C839800768DC9 /* Products */;
			projectDirPath = "";
			projectRoot = "";
			targets = (
				697BF8D02B2C839800768DC9 /* Devote */,
				695BF4442B58113200CCE977 /* DevoteWidgetExtension */,
			);
		};
/* End PBXProject section */

/* Begin PBXResourcesBuildPhase section */
		695BF4432B58113200CCE977 /* Resources */ = {
			isa = PBXResourcesBuildPhase;
			buildActionMask = 2147483647;
			files = (
				695BF45A2B58174900CCE977 /* Assets.xcassets in Resources */,
				695BF4512B58113400CCE977 /* Assets.xcassets in Resources */,
			);
			runOnlyForDeploymentPostprocessing = 0;
		};
		697BF8CF2B2C839800768DC9 /* Resources */ = {
			isa = PBXResourcesBuildPhase;
			buildActionMask = 2147483647;
			files = (
				697BF8EC2B2C847E00768DC9 /* sound-rise.mp3 in Resources */,
				697BF8DC2B2C839A00768DC9 /* Preview Assets.xcassets in Resources */,
				697BF8D92B2C839A00768DC9 /* Assets.xcassets in Resources */,
				697BF8EB2B2C847E00768DC9 /* sound-tap.mp3 in Resources */,
				697BF8EA2B2C847E00768DC9 /* sound-ding.mp3 in Resources */,
			);
			runOnlyForDeploymentPostprocessing = 0;
		};
/* End PBXResourcesBuildPhase section */

/* Begin PBXSourcesBuildPhase section */
		695BF4412B58113200CCE977 /* Sources */ = {
			isa = PBXSourcesBuildPhase;
			buildActionMask = 2147483647;
			files = (
				695BF44F2B58113200CCE977 /* DevoteWidget.swift in Sources */,
				695BF44D2B58113200CCE977 /* DevoteWidgetBundle.swift in Sources */,
				695BF45B2B58179C00CCE977 /* Constant.swift in Sources */,
			);
			runOnlyForDeploymentPostprocessing = 0;
		};
		697BF8CD2B2C839800768DC9 /* Sources */ = {
			isa = PBXSourcesBuildPhase;
			buildActionMask = 2147483647;
			files = (
				697BF8DE2B2C839A00768DC9 /* Persistence.swift in Sources */,
				69673D672B3A0C250033E953 /* BackgroundImageView.swift in Sources */,
				697BF8D72B2C839800768DC9 /* ContentView.swift in Sources */,
				69673D652B3A00EA0033E953 /* HideKeyboardExtension.swift in Sources */,
				697C93C02B3C6C66001307CD /* BlankView.swift in Sources */,
				69CC4D872B38A58B0086B80D /* Constant.swift in Sources */,
				697C93C22B3C94B5001307CD /* ListRowItemView.swift in Sources */,
				697BF8E12B2C839A00768DC9 /* Devote.xcdatamodeld in Sources */,
				697BF8D52B2C839800768DC9 /* DevoteApp.swift in Sources */,
				697C93C62B3C96CC001307CD /* CheckboxStyle.swift in Sources */,
				695BF4402B5803AF00CCE977 /* SoundPlayer.swift in Sources */,
				697C93BE2B3C6519001307CD /* NewTaskItemView.swift in Sources */,
			);
			runOnlyForDeploymentPostprocessing = 0;
		};
/* End PBXSourcesBuildPhase section */

/* Begin PBXTargetDependency section */
		695BF4542B58113400CCE977 /* PBXTargetDependency */ = {
			isa = PBXTargetDependency;
			target = 695BF4442B58113200CCE977 /* DevoteWidgetExtension */;
			targetProxy = 695BF4532B58113400CCE977 /* PBXContainerItemProxy */;
		};
/* End PBXTargetDependency section */

/* Begin XCBuildConfiguration section */
		695BF4572B58113400CCE977 /* Debug */ = {
			isa = XCBuildConfiguration;
			buildSettings = {
				ASSETCATALOG_COMPILER_GLOBAL_ACCENT_COLOR_NAME = AccentColor;
				ASSETCATALOG_COMPILER_WIDGET_BACKGROUND_COLOR_NAME = WidgetBackground;
				CODE_SIGN_STYLE = Automatic;
				CURRENT_PROJECT_VERSION = 1;
				DEVELOPMENT_TEAM = WULX6P3673;
				GENERATE_INFOPLIST_FILE = YES;
				INFOPLIST_FILE = DevoteWidget/Info.plist;
				INFOPLIST_KEY_CFBundleDisplayName = DevoteWidget;
				INFOPLIST_KEY_NSHumanReadableCopyright = "";
				LD_RUNPATH_SEARCH_PATHS = (
					"$(inherited)",
					"@executable_path/Frameworks",
					"@executable_path/../../Frameworks",
				);
				MARKETING_VERSION = 1.0;
				PRODUCT_BUNDLE_IDENTIFIER = com.decentraa.Devote.DevoteWidget;
				PRODUCT_NAME = "$(TARGET_NAME)";
				SKIP_INSTALL = YES;
				SWIFT_EMIT_LOC_STRINGS = YES;
				SWIFT_VERSION = 5.0;
				TARGETED_DEVICE_FAMILY = "1,2";
			};
			name = Debug;
		};
		695BF4582B58113400CCE977 /* Release */ = {
			isa = XCBuildConfiguration;
			buildSettings = {
				ASSETCATALOG_COMPILER_GLOBAL_ACCENT_COLOR_NAME = AccentColor;
				ASSETCATALOG_COMPILER_WIDGET_BACKGROUND_COLOR_NAME = WidgetBackground;
				CODE_SIGN_STYLE = Automatic;
				CURRENT_PROJECT_VERSION = 1;
				DEVELOPMENT_TEAM = WULX6P3673;
				GENERATE_INFOPLIST_FILE = YES;
				INFOPLIST_FILE = DevoteWidget/Info.plist;
				INFOPLIST_KEY_CFBundleDisplayName = DevoteWidget;
				INFOPLIST_KEY_NSHumanReadableCopyright = "";
				LD_RUNPATH_SEARCH_PATHS = (
					"$(inherited)",
					"@executable_path/Frameworks",
					"@executable_path/../../Frameworks",
				);
				MARKETING_VERSION = 1.0;
				PRODUCT_BUNDLE_IDENTIFIER = com.decentraa.Devote.DevoteWidget;
				PRODUCT_NAME = "$(TARGET_NAME)";
				SKIP_INSTALL = YES;
				SWIFT_EMIT_LOC_STRINGS = YES;
				SWIFT_VERSION = 5.0;
				TARGETED_DEVICE_FAMILY = "1,2";
			};
			name = Release;
		};
		697BF8E22B2C839A00768DC9 /* Debug */ = {
			isa = XCBuildConfiguration;
			buildSettings = {
				ALWAYS_SEARCH_USER_PATHS = NO;
				CLANG_ANALYZER_NONNULL = YES;
				CLANG_ANALYZER_NUMBER_OBJECT_CONVERSION = YES_AGGRESSIVE;
				CLANG_CXX_LANGUAGE_STANDARD = "gnu++20";
				CLANG_ENABLE_MODULES = YES;
				CLANG_ENABLE_OBJC_ARC = YES;
				CLANG_ENABLE_OBJC_WEAK = YES;
				CLANG_WARN_BLOCK_CAPTURE_AUTORELEASING = YES;
				CLANG_WARN_BOOL_CONVERSION = YES;
				CLANG_WARN_COMMA = YES;
				CLANG_WARN_CONSTANT_CONVERSION = YES;
				CLANG_WARN_DEPRECATED_OBJC_IMPLEMENTATIONS = YES;
				CLANG_WARN_DIRECT_OBJC_ISA_USAGE = YES_ERROR;
				CLANG_WARN_DOCUMENTATION_COMMENTS = YES;
				CLANG_WARN_EMPTY_BODY = YES;
				CLANG_WARN_ENUM_CONVERSION = YES;
				CLANG_WARN_INFINITE_RECURSION = YES;
				CLANG_WARN_INT_CONVERSION = YES;
				CLANG_WARN_NON_LITERAL_NULL_CONVERSION = YES;
				CLANG_WARN_OBJC_IMPLICIT_RETAIN_SELF = YES;
				CLANG_WARN_OBJC_LITERAL_CONVERSION = YES;
				CLANG_WARN_OBJC_ROOT_CLASS = YES_ERROR;
				CLANG_WARN_QUOTED_INCLUDE_IN_FRAMEWORK_HEADER = YES;
				CLANG_WARN_RANGE_LOOP_ANALYSIS = YES;
				CLANG_WARN_STRICT_PROTOTYPES = YES;
				CLANG_WARN_SUSPICIOUS_MOVE = YES;
				CLANG_WARN_UNGUARDED_AVAILABILITY = YES_AGGRESSIVE;
				CLANG_WARN_UNREACHABLE_CODE = YES;
				CLANG_WARN__DUPLICATE_METHOD_MATCH = YES;
				COPY_PHASE_STRIP = NO;
				DEBUG_INFORMATION_FORMAT = dwarf;
				ENABLE_STRICT_OBJC_MSGSEND = YES;
				ENABLE_TESTABILITY = YES;
				GCC_C_LANGUAGE_STANDARD = gnu11;
				GCC_DYNAMIC_NO_PIC = NO;
				GCC_NO_COMMON_BLOCKS = YES;
				GCC_OPTIMIZATION_LEVEL = 0;
				GCC_PREPROCESSOR_DEFINITIONS = (
					"DEBUG=1",
					"$(inherited)",
				);
				GCC_WARN_64_TO_32_BIT_CONVERSION = YES;
				GCC_WARN_ABOUT_RETURN_TYPE = YES_ERROR;
				GCC_WARN_UNDECLARED_SELECTOR = YES;
				GCC_WARN_UNINITIALIZED_AUTOS = YES_AGGRESSIVE;
				GCC_WARN_UNUSED_FUNCTION = YES;
				GCC_WARN_UNUSED_VARIABLE = YES;
				IPHONEOS_DEPLOYMENT_TARGET = 16.4;
				MTL_ENABLE_DEBUG_INFO = INCLUDE_SOURCE;
				MTL_FAST_MATH = YES;
				ONLY_ACTIVE_ARCH = YES;
				SDKROOT = iphoneos;
				SWIFT_ACTIVE_COMPILATION_CONDITIONS = DEBUG;
				SWIFT_OPTIMIZATION_LEVEL = "-Onone";
			};
			name = Debug;
		};
		697BF8E32B2C839A00768DC9 /* Release */ = {
			isa = XCBuildConfiguration;
			buildSettings = {
				ALWAYS_SEARCH_USER_PATHS = NO;
				CLANG_ANALYZER_NONNULL = YES;
				CLANG_ANALYZER_NUMBER_OBJECT_CONVERSION = YES_AGGRESSIVE;
				CLANG_CXX_LANGUAGE_STANDARD = "gnu++20";
				CLANG_ENABLE_MODULES = YES;
				CLANG_ENABLE_OBJC_ARC = YES;
				CLANG_ENABLE_OBJC_WEAK = YES;
				CLANG_WARN_BLOCK_CAPTURE_AUTORELEASING = YES;
				CLANG_WARN_BOOL_CONVERSION = YES;
				CLANG_WARN_COMMA = YES;
				CLANG_WARN_CONSTANT_CONVERSION = YES;
				CLANG_WARN_DEPRECATED_OBJC_IMPLEMENTATIONS = YES;
				CLANG_WARN_DIRECT_OBJC_ISA_USAGE = YES_ERROR;
				CLANG_WARN_DOCUMENTATION_COMMENTS = YES;
				CLANG_WARN_EMPTY_BODY = YES;
				CLANG_WARN_ENUM_CONVERSION = YES;
				CLANG_WARN_INFINITE_RECURSION = YES;
				CLANG_WARN_INT_CONVERSION = YES;
				CLANG_WARN_NON_LITERAL_NULL_CONVERSION = YES;
				CLANG_WARN_OBJC_IMPLICIT_RETAIN_SELF = YES;
				CLANG_WARN_OBJC_LITERAL_CONVERSION = YES;
				CLANG_WARN_OBJC_ROOT_CLASS = YES_ERROR;
				CLANG_WARN_QUOTED_INCLUDE_IN_FRAMEWORK_HEADER = YES;
				CLANG_WARN_RANGE_LOOP_ANALYSIS = YES;
				CLANG_WARN_STRICT_PROTOTYPES = YES;
				CLANG_WARN_SUSPICIOUS_MOVE = YES;
				CLANG_WARN_UNGUARDED_AVAILABILITY = YES_AGGRESSIVE;
				CLANG_WARN_UNREACHABLE_CODE = YES;
				CLANG_WARN__DUPLICATE_METHOD_MATCH = YES;
				COPY_PHASE_STRIP = NO;
				DEBUG_INFORMATION_FORMAT = "dwarf-with-dsym";
				ENABLE_NS_ASSERTIONS = NO;
				ENABLE_STRICT_OBJC_MSGSEND = YES;
				GCC_C_LANGUAGE_STANDARD = gnu11;
				GCC_NO_COMMON_BLOCKS = YES;
				GCC_WARN_64_TO_32_BIT_CONVERSION = YES;
				GCC_WARN_ABOUT_RETURN_TYPE = YES_ERROR;
				GCC_WARN_UNDECLARED_SELECTOR = YES;
				GCC_WARN_UNINITIALIZED_AUTOS = YES_AGGRESSIVE;
				GCC_WARN_UNUSED_FUNCTION = YES;
				GCC_WARN_UNUSED_VARIABLE = YES;
				IPHONEOS_DEPLOYMENT_TARGET = 16.4;
				MTL_ENABLE_DEBUG_INFO = NO;
				MTL_FAST_MATH = YES;
				SDKROOT = iphoneos;
				SWIFT_COMPILATION_MODE = wholemodule;
				SWIFT_OPTIMIZATION_LEVEL = "-O";
				VALIDATE_PRODUCT = YES;
			};
			name = Release;
		};
		697BF8E52B2C839A00768DC9 /* Debug */ = {
			isa = XCBuildConfiguration;
			buildSettings = {
				ALWAYS_EMBED_SWIFT_STANDARD_LIBRARIES = YES;
				ASSETCATALOG_COMPILER_APPICON_NAME = AppIcon;
				ASSETCATALOG_COMPILER_GLOBAL_ACCENT_COLOR_NAME = AccentColor;
				CODE_SIGN_STYLE = Automatic;
				CURRENT_PROJECT_VERSION = 1;
				DEVELOPMENT_ASSET_PATHS = "\"Devote/Preview Content\"";
				DEVELOPMENT_TEAM = WULX6P3673;
				ENABLE_PREVIEWS = YES;
				GENERATE_INFOPLIST_FILE = YES;
				INFOPLIST_FILE = Devote/Info.plist;
				INFOPLIST_KEY_LSApplicationCategoryType = "";
				INFOPLIST_KEY_UIApplicationSceneManifest_Generation = YES;
				INFOPLIST_KEY_UIApplicationSupportsIndirectInputEvents = YES;
				INFOPLIST_KEY_UISupportedInterfaceOrientations = UIInterfaceOrientationPortrait;
				INFOPLIST_KEY_UISupportedInterfaceOrientations_iPad = "UIInterfaceOrientationLandscapeLeft UIInterfaceOrientationLandscapeRight UIInterfaceOrientationPortrait UIInterfaceOrientationPortraitUpsideDown";
				LD_RUNPATH_SEARCH_PATHS = (
					"$(inherited)",
					"@executable_path/Frameworks",
				);
				MARKETING_VERSION = 1.0;
				PRODUCT_BUNDLE_IDENTIFIER = com.decentraa.Devote;
				PRODUCT_NAME = "$(TARGET_NAME)";
				SWIFT_EMIT_LOC_STRINGS = YES;
				SWIFT_VERSION = 5.0;
				TARGETED_DEVICE_FAMILY = "1,2";
			};
			name = Debug;
		};
		697BF8E62B2C839A00768DC9 /* Release */ = {
			isa = XCBuildConfiguration;
			buildSettings = {
				ALWAYS_EMBED_SWIFT_STANDARD_LIBRARIES = YES;
				ASSETCATALOG_COMPILER_APPICON_NAME = AppIcon;
				ASSETCATALOG_COMPILER_GLOBAL_ACCENT_COLOR_NAME = AccentColor;
				CODE_SIGN_STYLE = Automatic;
				CURRENT_PROJECT_VERSION = 1;
				DEVELOPMENT_ASSET_PATHS = "\"Devote/Preview Content\"";
				DEVELOPMENT_TEAM = WULX6P3673;
				ENABLE_PREVIEWS = YES;
				GENERATE_INFOPLIST_FILE = YES;
				INFOPLIST_FILE = Devote/Info.plist;
				INFOPLIST_KEY_LSApplicationCategoryType = "";
				INFOPLIST_KEY_UIApplicationSceneManifest_Generation = YES;
				INFOPLIST_KEY_UIApplicationSupportsIndirectInputEvents = YES;
				INFOPLIST_KEY_UISupportedInterfaceOrientations = UIInterfaceOrientationPortrait;
				INFOPLIST_KEY_UISupportedInterfaceOrientations_iPad = "UIInterfaceOrientationLandscapeLeft UIInterfaceOrientationLandscapeRight UIInterfaceOrientationPortrait UIInterfaceOrientationPortraitUpsideDown";
				LD_RUNPATH_SEARCH_PATHS = (
					"$(inherited)",
					"@executable_path/Frameworks",
				);
				MARKETING_VERSION = 1.0;
				PRODUCT_BUNDLE_IDENTIFIER = com.decentraa.Devote;
				PRODUCT_NAME = "$(TARGET_NAME)";
				SWIFT_EMIT_LOC_STRINGS = YES;
				SWIFT_VERSION = 5.0;
				TARGETED_DEVICE_FAMILY = "1,2";
			};
			name = Release;
		};
/* End XCBuildConfiguration section */

/* Begin XCConfigurationList section */
		695BF4562B58113400CCE977 /* Build configuration list for PBXNativeTarget "DevoteWidgetExtension" */ = {
			isa = XCConfigurationList;
			buildConfigurations = (
				695BF4572B58113400CCE977 /* Debug */,
				695BF4582B58113400CCE977 /* Release */,
			);
			defaultConfigurationIsVisible = 0;
			defaultConfigurationName = Release;
		};
		697BF8CC2B2C839800768DC9 /* Build configuration list for PBXProject "Devote" */ = {
			isa = XCConfigurationList;
			buildConfigurations = (
				697BF8E22B2C839A00768DC9 /* Debug */,
				697BF8E32B2C839A00768DC9 /* Release */,
			);
			defaultConfigurationIsVisible = 0;
			defaultConfigurationName = Release;
		};
		697BF8E42B2C839A00768DC9 /* Build configuration list for PBXNativeTarget "Devote" */ = {
			isa = XCConfigurationList;
			buildConfigurations = (
				697BF8E52B2C839A00768DC9 /* Debug */,
				697BF8E62B2C839A00768DC9 /* Release */,
			);
			defaultConfigurationIsVisible = 0;
			defaultConfigurationName = Release;
		};
/* End XCConfigurationList section */

/* Begin XCVersionGroup section */
		697BF8DF2B2C839A00768DC9 /* Devote.xcdatamodeld */ = {
			isa = XCVersionGroup;
			children = (
				697BF8E02B2C839A00768DC9 /* Devote.xcdatamodel */,
			);
			currentVersion = 697BF8E02B2C839A00768DC9 /* Devote.xcdatamodel */;
			path = Devote.xcdatamodeld;
			sourceTree = "<group>";
			versionGroupType = wrapper.xcdatamodel;
		};
/* End XCVersionGroup section */
	};
	rootObject = 697BF8C92B2C839800768DC9 /* Project object */;
}
